{
  "Gemfile:620114021": [
    [11, 1, 386, "Style/InvertibleUnlessCondition: Prefer `if ENV.fetch(\"KETTLE_RB_DEV\", \"false\").casecmp(\"false\").nonzero?` over `unless ENV.fetch(\"KETTLE_RB_DEV\", \"false\").casecmp(\"false\").zero?`.", 2787977]
  ],
  "gemfiles/modular/tree_sitter.gemfile:3740467699": [
    [19, 1, 112, "Style/InvertibleUnlessCondition: Prefer `if ENV.fetch(\"KETTLE_RB_DEV\", \"false\").casecmp(\"false\").nonzero?` over `unless ENV.fetch(\"KETTLE_RB_DEV\", \"false\").casecmp(\"false\").zero?`.", 2718008714]
  ],
  "spec/commonmarker/merge/removal_mode_compliance_spec.rb:2092746469": [
    [6, 1, 47, "RSpec/SpecFilePathFormat: Spec path should end with `commonmarker/merge/smart_merger*_spec.rb`.", 4137925653]
  ]
}
